{
  "version": "3",
  "packages": {
    "specifiers": {
      "npm:is-even": "npm:is-even@1.0.0"
    },
    "npm": {
      "is-buffer@1.1.6": {
        "integrity": "sha512-NcdALwpXkTm5Zvvbk7owOUSvVvBKDgKP5/ewfXEznmQFfs4ZRmanOeKBTjRVjka3QFoN6XJ+9F3USqfHqTaU5w==",
        "dependencies": {}
      },
      "is-even@1.0.0": {
        "integrity": "sha512-LEhnkAdJqic4Dbqn58A0y52IXoHWlsueqQkKfMfdEnIYG8A1sm/GHidKkS6yvXlMoRrkM34csHnXQtOqcb+Jzg==",
        "dependencies": {
          "is-odd": "is-odd@0.1.2"
        }
      },
      "is-number@3.0.0": {
        "integrity": "sha512-4cboCqIpliH+mAvFNegjZQ4kgKc3ZUhQVr3HvWbSh5q3WH2v82ct+T2Y1hdU5Gdtorx/cLifQjqCbL7bpznLTg==",
        "dependencies": {
          "kind-of": "kind-of@3.2.2"
        }
      },
      "is-odd@0.1.2": {
        "integrity": "sha512-Ri7C2K7o5IrUU9UEI8losXJCCD/UtsaIrkR5sxIcFg4xQ9cRJXlWA5DQvTE0yDc0krvSNLsRGXN11UPS6KyfBw==",
        "dependencies": {
          "is-number": "is-number@3.0.0"
        }
      },
      "kind-of@3.2.2": {
        "integrity": "sha512-NOW9QQXMoZGg/oqnVNoNTTIFEIid1627WCffUBJEdMxYApq7mNE7CpzucIPc+ZQg25Phej7IJSmX3hO+oblOtQ==",
        "dependencies": {
          "is-buffer": "is-buffer@1.1.6"
        }
      }
    }
  },
  "remote": {
    "https://deno.land/x/is_even@v1.0/mod.ts": "f0596cc34079796565f5fb7ebc0496c1dfe435f1039a7751e1922c89e6f85d6e"
  }
}
